
Microsoft Visual Studio Solution File, Format Version 12.00
# Visual Studio 15
VisualStudioVersion = 15.0.27130.2036
MinimumVisualStudioVersion = 10.0.40219.1
Project("{FAE04EC0-301F-11D3-BF4B-00C04F79EFBC}") = "DataWebScraping.Common", "DataWebScraping.Common\DataWebScraping.Common.csproj", "{F0BD4F41-BA5A-4FA8-B86B-FF834206F738}"
EndProject
Project("{FAE04EC0-301F-11D3-BF4B-00C04F79EFBC}") = "DataWebScraping.Util", "DataWebScraping.Util\DataWebScraping.Util.csproj", "{DE3692D7-B07A-4FC9-A303-2962E9175207}"
EndProject
Project("{FAE04EC0-301F-11D3-BF4B-00C04F79EFBC}") = "DataWebScraping.RunningFromConsole", "DataWebScraping.Service\DataWebScraping.RunningFromConsole.csproj", "{C680DE61-8BA8-4881-9739-C75212D0866B}"
EndProject
Project("{FAE04EC0-301F-11D3-BF4B-00C04F79EFBC}") = "DataWebScraping.ServiceConfigurationCreator", "DataWebScraping.ServiceConfigurationCreator\DataWebScraping.ServiceConfigurationCreator.csproj", "{F893E067-44F5-4CD5-9A21-05C5D6F99F4E}"
EndProject
Project("{FAE04EC0-301F-11D3-BF4B-00C04F79EFBC}") = "DataWebScraping.RunningFromWinForm", "DataWebScraping.RunningFromWinForm\DataWebScraping.RunningFromWinForm.csproj", "{C18DDAC5-8A52-4FB4-BC4A-9864532760B7}"
EndProject
Global
	GlobalSection(SolutionConfigurationPlatforms) = preSolution
		Debug|Any CPU = Debug|Any CPU
		Release|Any CPU = Release|Any CPU
	EndGlobalSection
	GlobalSection(ProjectConfigurationPlatforms) = postSolution
		{F0BD4F41-BA5A-4FA8-B86B-FF834206F738}.Debug|Any CPU.ActiveCfg = Debug|Any CPU
		{F0BD4F41-BA5A-4FA8-B86B-FF834206F738}.Debug|Any CPU.Build.0 = Debug|Any CPU
		{F0BD4F41-BA5A-4FA8-B86B-FF834206F738}.Release|Any CPU.ActiveCfg = Release|Any CPU
		{F0BD4F41-BA5A-4FA8-B86B-FF834206F738}.Release|Any CPU.Build.0 = Release|Any CPU
		{DE3692D7-B07A-4FC9-A303-2962E9175207}.Debug|Any CPU.ActiveCfg = Debug|Any CPU
		{DE3692D7-B07A-4FC9-A303-2962E9175207}.Debug|Any CPU.Build.0 = Debug|Any CPU
		{DE3692D7-B07A-4FC9-A303-2962E9175207}.Release|Any CPU.ActiveCfg = Release|Any CPU
		{DE3692D7-B07A-4FC9-A303-2962E9175207}.Release|Any CPU.Build.0 = Release|Any CPU
		{C680DE61-8BA8-4881-9739-C75212D0866B}.Debug|Any CPU.ActiveCfg = Debug|Any CPU
		{C680DE61-8BA8-4881-9739-C75212D0866B}.Debug|Any CPU.Build.0 = Debug|Any CPU
		{C680DE61-8BA8-4881-9739-C75212D0866B}.Release|Any CPU.ActiveCfg = Release|Any CPU
		{C680DE61-8BA8-4881-9739-C75212D0866B}.Release|Any CPU.Build.0 = Release|Any CPU
		{F893E067-44F5-4CD5-9A21-05C5D6F99F4E}.Debug|Any CPU.ActiveCfg = Debug|Any CPU
		{F893E067-44F5-4CD5-9A21-05C5D6F99F4E}.Debug|Any CPU.Build.0 = Debug|Any CPU
		{F893E067-44F5-4CD5-9A21-05C5D6F99F4E}.Release|Any CPU.ActiveCfg = Release|Any CPU
		{F893E067-44F5-4CD5-9A21-05C5D6F99F4E}.Release|Any CPU.Build.0 = Release|Any CPU
		{C18DDAC5-8A52-4FB4-BC4A-9864532760B7}.Debug|Any CPU.ActiveCfg = Debug|Any CPU
		{C18DDAC5-8A52-4FB4-BC4A-9864532760B7}.Debug|Any CPU.Build.0 = Debug|Any CPU
		{C18DDAC5-8A52-4FB4-BC4A-9864532760B7}.Release|Any CPU.ActiveCfg = Release|Any CPU
		{C18DDAC5-8A52-4FB4-BC4A-9864532760B7}.Release|Any CPU.Build.0 = Release|Any CPU
	EndGlobalSection
	GlobalSection(SolutionProperties) = preSolution
		HideSolutionNode = FALSE
	EndGlobalSection
	GlobalSection(ExtensibilityGlobals) = postSolution
		SolutionGuid = {A5B710AA-1CA1-456E-AAD5-BE5D74F981F0}
	EndGlobalSection
EndGlobal
